version = 1
revision = 3
requires-python = ">=3.14.2"

[[package]]
name = "arrakha"
version = "0.1.0"
source = { path = "../arrakha/dist/arrakha-0.1.0-py3-none-any.whl" }
wheels = [
    { filename = "arrakha-0.1.0-py3-none-any.whl", hash = "sha256:e8203641d5776f098db5ea984d180121a5d79af94814c8379c1dfa3c6692b543" },
]

[[package]]
name = "dotfiles-m1"
version = "0.1.0"
source = { virtual = "." }
dependencies = [
    { name = "arrakha" },
]

[package.metadata]
requires-dist = [{ name = "arrakha", path = "../arrakha/dist/arrakha-0.1.0-py3-none-any.whl" }]
